# Generated by pub
# See https://dart.dev/tools/pub/glossary#lockfile
packages:
  _discoveryapis_commons:
    dependency: transitive
    description:
      name: _discoveryapis_commons
      sha256: f8bb1fdbd77f3d5c1d62b5b0eca75fbf1e41bf4f6c62628f880582e2182ae45d
      url: "https://pub.dev"
    source: hosted
    version: "1.0.6"
  _fe_analyzer_shared:
    dependency: transitive
    description:
      name: _fe_analyzer_shared
      sha256: e440ac42679dfc04bbbefb58ed225c994bc7e07fccc8a68ec7d3631a127e5da9
      url: "https://pub.dev"
    source: hosted
    version: "54.0.0"
  analyzer:
    dependency: transitive
    description:
      name: analyzer
      sha256: "2c2e3721ee9fb36de92faa060f3480c81b23e904352b087e5c64224b1a044427"
      url: "https://pub.dev"
    source: hosted
    version: "5.6.0"
  archive:
    dependency: transitive
    description:
      name: archive
      sha256: "0c8368c9b3f0abbc193b9d6133649a614204b528982bebc7026372d61677ce3a"
      url: "https://pub.dev"
    source: hosted
    version: "3.3.7"
  args:
    dependency: transitive
    description:
      name: args
      sha256: "4cab82a83ffef80b262ddedf47a0a8e56ee6fbf7fe21e6e768b02792034dd440"
      url: "https://pub.dev"
    source: hosted
    version: "2.4.0"
  asn1lib:
    dependency: transitive
    description:
      name: asn1lib
      sha256: b74e3842a52c61f8819a1ec8444b4de5419b41a7465e69d4aa681445377398b0
      url: "https://pub.dev"
    source: hosted
    version: "1.4.1"
  async:
    dependency: transitive
    description:
      name: async
      sha256: "947bfcf187f74dbc5e146c9eb9c0f10c9f8b30743e341481c1e2ed3ecc18c20c"
      url: "https://pub.dev"
    source: hosted
    version: "2.11.0"
  audioplayers:
    dependency: transitive
    description:
      name: audioplayers
      sha256: "8e94499b5c123df14cf17c16639de5ff3373e57e537f727e367487fbb7491363"
      url: "https://pub.dev"
    source: hosted
    version: "5.1.0"
  audioplayers_android:
    dependency: transitive
    description:
      name: audioplayers_android
      sha256: "1c12b60cc10a3b8617ca3f88b927e7e03768f470d9b4f747efd3d58a8a07ee1b"
      url: "https://pub.dev"
    source: hosted
    version: "4.0.1"
  audioplayers_darwin:
    dependency: transitive
    description:
      name: audioplayers_darwin
      sha256: "2fb6133ffcf28fb3f9d3e11f8a3ef190e5fedb2b7b95ea865b56a21d1163e670"
      url: "https://pub.dev"
    source: hosted
    version: "5.0.1"
  audioplayers_linux:
    dependency: transitive
    description:
      name: audioplayers_linux
      sha256: cca3f272c7186dd2e0025b8864e1413ac5e081d74b17e28b02ceb2df4c110235
      url: "https://pub.dev"
    source: hosted
    version: "3.0.0"
  audioplayers_platform_interface:
    dependency: transitive
    description:
      name: audioplayers_platform_interface
      sha256: "47eae55e99ced11589998cf27e4eaabf5b475a7bd8bea7516ee6c2536a2e1abf"
      url: "https://pub.dev"
    source: hosted
    version: "6.0.0"
  audioplayers_web:
    dependency: transitive
    description:
      name: audioplayers_web
      sha256: "9f155590c6ba9ba469df637f4729264e4234dc3941ece4690dad63ffac19b5af"
      url: "https://pub.dev"
    source: hosted
    version: "4.0.0"
  audioplayers_windows:
    dependency: transitive
    description:
      name: audioplayers_windows
      sha256: "8813b712ba919bb324bde5e3ba97edc81bface945953a54a3dea70b5608bcc70"
      url: "https://pub.dev"
    source: hosted
    version: "3.0.0"
  boolean_selector:
    dependency: transitive
    description:
      name: boolean_selector
      sha256: "6cfb5af12253eaf2b368f07bacc5a80d1301a071c73360d746b7f2e32d762c66"
      url: "https://pub.dev"
    source: hosted
    version: "2.1.1"
  characters:
    dependency: transitive
    description:
      name: characters
      sha256: "04a925763edad70e8443c99234dc3328f442e811f1d8fd1a72f1c8ad0f69a605"
      url: "https://pub.dev"
    source: hosted
    version: "1.3.0"
  clock:
    dependency: transitive
    description:
      name: clock
      sha256: cb6d7f03e1de671e34607e909a7213e31d7752be4fb66a86d29fe1eb14bfb5cf
      url: "https://pub.dev"
    source: hosted
    version: "1.1.1"
  collection:
    dependency: "direct main"
    description:
      name: collection
      sha256: f092b211a4319e98e5ff58223576de6c2803db36221657b46c82574721240687
      url: "https://pub.dev"
    source: hosted
    version: "1.17.2"
  convert:
    dependency: transitive
    description:
      name: convert
      sha256: "0f08b14755d163f6e2134cb58222dd25ea2a2ee8a195e53983d57c075324d592"
      url: "https://pub.dev"
    source: hosted
    version: "3.1.1"
  coverage:
    dependency: transitive
    description:
      name: coverage
      sha256: "2fb815080e44a09b85e0f2ca8a820b15053982b2e714b59267719e8a9ff17097"
      url: "https://pub.dev"
    source: hosted
    version: "1.6.3"
  crypto:
    dependency: transitive
    description:
      name: crypto
      sha256: aa274aa7774f8964e4f4f38cc994db7b6158dd36e9187aaceaddc994b35c6c67
      url: "https://pub.dev"
    source: hosted
    version: "3.0.2"
  crypto_keys:
    dependency: transitive
    description:
      name: crypto_keys
      sha256: acc19abf34623d990a0e8aec69463d74a824c31f137128f42e2810befc509ad0
      url: "https://pub.dev"
    source: hosted
    version: "0.3.0+1"
  dotenv:
    dependency: transitive
    description:
      name: dotenv
      sha256: e169b516bc7b88801919e1c508772bcb8e3d0d1776a43f74ab692c57e741cd8a
      url: "https://pub.dev"
    source: hosted
    version: "4.1.0"
  expressions:
    dependency: transitive
    description:
      name: expressions
      sha256: "75ca4343f9f8a38087bea130cf51395d737d87c6947cc19cbb8fb2732cae1a27"
      url: "https://pub.dev"
    source: hosted
    version: "0.2.5"
  fake_async:
    dependency: transitive
    description:
      name: fake_async
      sha256: "511392330127add0b769b75a987850d136345d9227c6b94c96a04cf4a391bf78"
      url: "https://pub.dev"
    source: hosted
    version: "1.3.1"
  ffi:
    dependency: transitive
    description:
      name: ffi
      sha256: a38574032c5f1dd06c4aee541789906c12ccaab8ba01446e800d9c5b79c4a978
      url: "https://pub.dev"
    source: hosted
    version: "2.0.1"
  file:
    dependency: transitive
    description:
      name: file
      sha256: "1b92bec4fc2a72f59a8e15af5f52cd441e4a7860b49499d69dfa817af20e925d"
      url: "https://pub.dev"
    source: hosted
    version: "6.1.4"
  firebase_admin:
    dependency: "direct main"
    description:
      name: firebase_admin
      sha256: "6c33155e2b1b072d47b5297504361ee5d2fa89998598574fa0ea891f7d7244b4"
      url: "https://pub.dev"
    source: hosted
    version: "0.2.0"
  firebase_dart:
    dependency: transitive
    description:
      name: firebase_dart
      sha256: "705a4b3f19402d9e4b61ec93bb3b8e0ef80f77b1d84331a774e651c874f97a2f"
      url: "https://pub.dev"
    source: hosted
    version: "1.0.11"
  firedart:
    dependency: "direct main"
    description:
      name: firedart
      sha256: "464ddfe98c229533f787be8f4672d26f5429f567b4b595f34fd9e2e0a6b7ebae"
      url: "https://pub.dev"
    source: hosted
    version: "0.9.7"
  fixnum:
    dependency: transitive
    description:
      name: fixnum
      sha256: "25517a4deb0c03aa0f32fd12db525856438902d9c16536311e76cdc57b31d7d1"
      url: "https://pub.dev"
    source: hosted
    version: "1.1.0"
  flame:
    dependency: "direct main"
    description:
      name: flame
      sha256: b61d557d340e4541dec5ffa9c5bc82dd0fb42cce7ec99d3e8cab3c745c93c327
      url: "https://pub.dev"
    source: hosted
    version: "1.9.0"
  flame_audio:
    dependency: "direct main"
    description:
      name: flame_audio
      sha256: d05d8b358ff7943eee02fb81217d6c66c097b876f53a2b30f31b868784605ed8
      url: "https://pub.dev"
    source: hosted
    version: "2.1.0"
  flame_lint:
    dependency: "direct dev"
    description:
      name: flame_lint
      sha256: "49ed8ba7b4ef666ea0e9ff4c63b12091140258ee88953f482e46b8d9c51df067"
      url: "https://pub.dev"
    source: hosted
    version: "1.1.1"
  flame_test:
    dependency: "direct dev"
    description:
      name: flame_test
      sha256: b2c650ba28756d124b74d210bb441aad8ec651eaa6ea43f3af5950eee9100392
      url: "https://pub.dev"
    source: hosted
    version: "1.13.0"
  flutter:
    dependency: "direct main"
    description: flutter
    source: sdk
    version: "0.0.0"
  flutter_driver:
    dependency: transitive
    description: flutter
    source: sdk
    version: "0.0.0"
  flutter_shaders:
    dependency: "direct main"
    description:
      name: flutter_shaders
      sha256: "02750b545c01ff4d8e9bbe8f27a7731aa3778402506c67daa1de7f5fc3f4befe"
      url: "https://pub.dev"
    source: hosted
    version: "0.1.2"
  flutter_test:
    dependency: "direct dev"
    description: flutter
    source: sdk
    version: "0.0.0"
  flutter_web_plugins:
    dependency: transitive
    description: flutter
    source: sdk
    version: "0.0.0"
  frontend_server_client:
    dependency: transitive
    description:
      name: frontend_server_client
      sha256: "408e3ca148b31c20282ad6f37ebfa6f4bdc8fede5b74bc2f08d9d92b55db3612"
      url: "https://pub.dev"
    source: hosted
    version: "3.2.0"
  fuchsia_remote_debug_protocol:
    dependency: transitive
    description: flutter
    source: sdk
    version: "0.0.0"
  gamepads:
    dependency: "direct main"
    description:
      name: gamepads
      sha256: "5c6b0b576b455a29295306004cee7c51699958efb9fad6e6371d89a076f2688d"
      url: "https://pub.dev"
    source: hosted
    version: "0.1.1"
  gamepads_darwin:
    dependency: transitive
    description:
      name: gamepads_darwin
      sha256: a101811ef2a7c57632ed54d78b4c1b2e1e83a4b0031da62151b0537de9b5932d
      url: "https://pub.dev"
    source: hosted
    version: "0.1.1"
  gamepads_linux:
    dependency: transitive
    description:
      name: gamepads_linux
      sha256: "7a16bef9d773648aae86204da3915e0172d3f5789b08714f65b18ce663a12611"
      url: "https://pub.dev"
    source: hosted
    version: "0.1.1"
  gamepads_platform_interface:
    dependency: transitive
    description:
      name: gamepads_platform_interface
      sha256: b659d9103ff2bfd2d5d6d0863bb63446f384c0c545cd989f89adc953b561c7e5
      url: "https://pub.dev"
    source: hosted
    version: "0.1.1"
  gamepads_windows:
    dependency: transitive
    description:
      name: gamepads_windows
      sha256: "177b98ce0c34f20a72c778641965d1428908ff1dc31dcede64320f309af4c635"
      url: "https://pub.dev"
    source: hosted
    version: "0.1.1"
  gcloud:
    dependency: transitive
    description:
      name: gcloud
      sha256: "64e1f3b8e94d3ad0477fd25daf17ed5fb8590f1cda293bfd2616243a8da3c22f"
      url: "https://pub.dev"
    source: hosted
    version: "0.8.9"
  glob:
    dependency: transitive
    description:
      name: glob
      sha256: "4515b5b6ddb505ebdd242a5f2cc5d22d3d6a80013789debfbda7777f47ea308c"
      url: "https://pub.dev"
    source: hosted
    version: "2.1.1"
  google_fonts:
    dependency: "direct main"
    description:
      name: google_fonts
      sha256: "6b6f10f0ce3c42f6552d1c70d2c28d764cf22bb487f50f66cca31dcd5194f4d6"
      url: "https://pub.dev"
    source: hosted
    version: "4.0.4"
  googleapis:
    dependency: transitive
    description:
      name: googleapis
      sha256: dfea9984f0785ed445ba78e2aa8c55dadd86d6a60ea9e0ffbadad51edb5e7e36
      url: "https://pub.dev"
    source: hosted
    version: "9.2.0"
  googleapis_auth:
    dependency: transitive
    description:
      name: googleapis_auth
      sha256: af7c3a3edf9d0de2e1e0a77e994fae0a581c525fa7012af4fa0d4a52ed9484da
      url: "https://pub.dev"
    source: hosted
    version: "1.4.1"
  grpc:
    dependency: transitive
    description:
      name: grpc
      sha256: e93ee3bce45c134bf44e9728119102358c7cd69de7832d9a874e2e74eb8cab40
      url: "https://pub.dev"
    source: hosted
    version: "3.2.4"
  hive:
    dependency: transitive
    description:
      name: hive
      sha256: "8dcf6db979d7933da8217edcec84e9df1bdb4e4edc7fc77dbd5aa74356d6d941"
      url: "https://pub.dev"
    source: hosted
    version: "2.2.3"
  http:
    dependency: transitive
    description:
      name: http
      sha256: "6aa2946395183537c8b880962d935877325d6a09a2867c3970c05c0fed6ac482"
      url: "https://pub.dev"
    source: hosted
    version: "0.13.5"
  http2:
    dependency: transitive
    description:
      name: http2
      sha256: "38db0c4aa9f1cd238a5d2e86aa0cc7cc91c77e0c6c94ba64bbe85e4ff732a952"
      url: "https://pub.dev"
    source: hosted
    version: "2.2.0"
  http_multi_server:
    dependency: transitive
    description:
      name: http_multi_server
      sha256: "97486f20f9c2f7be8f514851703d0119c3596d14ea63227af6f7a481ef2b2f8b"
      url: "https://pub.dev"
    source: hosted
    version: "3.2.1"
  http_parser:
    dependency: transitive
    description:
      name: http_parser
      sha256: "2aa08ce0341cc9b354a498388e30986515406668dbcc4f7c950c3e715496693b"
      url: "https://pub.dev"
    source: hosted
    version: "4.0.2"
  integration_test:
    dependency: "direct dev"
    description: flutter
    source: sdk
    version: "0.0.0"
  intl:
    dependency: transitive
    description:
      name: intl
      sha256: "910f85bce16fb5c6f614e117efa303e85a1731bb0081edf3604a2ae6e9a3cc91"
      url: "https://pub.dev"
    source: hosted
    version: "0.17.0"
  io:
    dependency: transitive
    description:
      name: io
      sha256: "2ec25704aba361659e10e3e5f5d672068d332fc8ac516421d483a11e5cbd061e"
      url: "https://pub.dev"
    source: hosted
    version: "1.0.4"
  jose:
    dependency: transitive
    description:
      name: jose
      sha256: "06d28181b3ca26ffb83bf943f62f29d6b1b55793c852a389d3a29e6a5f54d325"
      url: "https://pub.dev"
    source: hosted
    version: "0.3.3"
  js:
    dependency: transitive
    description:
      name: js
      sha256: f2c445dce49627136094980615a031419f7f3eb393237e4ecd97ac15dea343f3
      url: "https://pub.dev"
    source: hosted
    version: "0.6.7"
  logging:
    dependency: transitive
    description:
      name: logging
      sha256: "04094f2eb032cbb06c6f6e8d3607edcfcb0455e2bb6cbc010cb01171dcb64e6d"
      url: "https://pub.dev"
    source: hosted
    version: "1.1.1"
  matcher:
    dependency: transitive
    description:
      name: matcher
      sha256: "1803e76e6653768d64ed8ff2e1e67bea3ad4b923eb5c56a295c3e634bad5960e"
      url: "https://pub.dev"
    source: hosted
    version: "0.12.16"
  material_color_utilities:
    dependency: transitive
    description:
      name: material_color_utilities
      sha256: "9528f2f296073ff54cb9fee677df673ace1218163c3bc7628093e7eed5203d41"
      url: "https://pub.dev"
    source: hosted
    version: "0.5.0"
  meta:
    dependency: transitive
    description:
      name: meta
      sha256: "3c74dbf8763d36539f114c799d8a2d87343b5067e9d796ca22b5eb8437090ee3"
      url: "https://pub.dev"
    source: hosted
    version: "1.9.1"
  mime:
    dependency: transitive
    description:
      name: mime
      sha256: e4ff8e8564c03f255408decd16e7899da1733852a9110a58fe6d1b817684a63e
      url: "https://pub.dev"
    source: hosted
    version: "1.0.4"
  node_preamble:
    dependency: transitive
    description:
      name: node_preamble
      sha256: "6e7eac89047ab8a8d26cf16127b5ed26de65209847630400f9aefd7cd5c730db"
      url: "https://pub.dev"
    source: hosted
    version: "2.0.2"
  openid_client:
    dependency: transitive
    description:
      name: openid_client
      sha256: "514c0ba645b81029c28999831a70cb055dda1a3bc60be759a04d2556f60ec960"
      url: "https://pub.dev"
    source: hosted
    version: "0.4.7"
  ordered_set:
    dependency: transitive
    description:
      name: ordered_set
      sha256: "3fedcc9121b3ba24c0a84f32da2989c42e36c159b73feadbc2f402dc55966b81"
      url: "https://pub.dev"
    source: hosted
    version: "5.0.1"
  package_config:
    dependency: transitive
    description:
      name: package_config
      sha256: "1c5b77ccc91e4823a5af61ee74e6b972db1ef98c2ff5a18d3161c982a55448bd"
      url: "https://pub.dev"
    source: hosted
    version: "2.1.0"
  path:
    dependency: transitive
    description:
      name: path
      sha256: "8829d8a55c13fc0e37127c29fedf290c102f4e40ae94ada574091fe0ff96c917"
      url: "https://pub.dev"
    source: hosted
    version: "1.8.3"
  path_provider:
    dependency: transitive
    description:
      name: path_provider
      sha256: "04890b994ee89bfa80bf3080bfec40d5a92c5c7a785ebb02c13084a099d2b6f9"
      url: "https://pub.dev"
    source: hosted
    version: "2.0.13"
  path_provider_android:
    dependency: transitive
    description:
      name: path_provider_android
      sha256: "7623b7d4be0f0f7d9a8b5ee6879fc13e4522d4c875ab86801dee4af32b54b83e"
      url: "https://pub.dev"
    source: hosted
    version: "2.0.23"
  path_provider_foundation:
    dependency: transitive
    description:
      name: path_provider_foundation
      sha256: eec003594f19fe2456ea965ae36b3fc967bc5005f508890aafe31fa75e41d972
      url: "https://pub.dev"
    source: hosted
    version: "2.1.2"
  path_provider_linux:
    dependency: transitive
    description:
      name: path_provider_linux
      sha256: "525ad5e07622d19447ad740b1ed5070031f7a5437f44355ae915ff56e986429a"
      url: "https://pub.dev"
    source: hosted
    version: "2.1.9"
  path_provider_platform_interface:
    dependency: transitive
    description:
      name: path_provider_platform_interface
      sha256: "57585299a729335f1298b43245842678cb9f43a6310351b18fb577d6e33165ec"
      url: "https://pub.dev"
    source: hosted
    version: "2.0.6"
  path_provider_windows:
    dependency: transitive
    description:
      name: path_provider_windows
      sha256: "642ddf65fde5404f83267e8459ddb4556316d3ee6d511ed193357e25caa3632d"
      url: "https://pub.dev"
    source: hosted
    version: "2.1.4"
  petitparser:
    dependency: transitive
    description:
      name: petitparser
      sha256: cb3798bef7fc021ac45b308f4b51208a152792445cce0448c9a4ba5879dd8750
      url: "https://pub.dev"
    source: hosted
    version: "5.4.0"
  phased:
    dependency: "direct main"
    description:
      name: phased
      sha256: "4dc19d589fd059268b07357767ac96eef2861eb5e8ceedf9d23fb933f0128396"
      url: "https://pub.dev"
    source: hosted
    version: "0.0.3"
  platform:
    dependency: transitive
    description:
      name: platform
      sha256: "4a451831508d7d6ca779f7ac6e212b4023dd5a7d08a27a63da33756410e32b76"
      url: "https://pub.dev"
    source: hosted
    version: "3.1.0"
  plugin_platform_interface:
    dependency: transitive
    description:
      name: plugin_platform_interface
      sha256: "6a2128648c854906c53fa8e33986fc0247a1116122f9534dd20e3ab9e16a32bc"
      url: "https://pub.dev"
    source: hosted
    version: "2.1.4"
  pointycastle:
    dependency: transitive
    description:
      name: pointycastle
      sha256: "7c1e5f0d23c9016c5bbd8b1473d0d3fb3fc851b876046039509e18e0c7485f2c"
      url: "https://pub.dev"
    source: hosted
    version: "3.7.3"
  pool:
    dependency: transitive
    description:
      name: pool
      sha256: "20fe868b6314b322ea036ba325e6fc0711a22948856475e2c2b6306e8ab39c2a"
      url: "https://pub.dev"
    source: hosted
    version: "1.5.1"
  process:
    dependency: transitive
    description:
      name: process
      sha256: "53fd8db9cec1d37b0574e12f07520d582019cb6c44abf5479a01505099a34a09"
      url: "https://pub.dev"
    source: hosted
    version: "4.2.4"
  protobuf:
    dependency: transitive
    description:
      name: protobuf
      sha256: "4034a02b7e231e7e60bff30a8ac13a7347abfdac0798595fae0b90a3f0afe759"
      url: "https://pub.dev"
    source: hosted
    version: "3.0.0"
  pub_semver:
    dependency: transitive
    description:
      name: pub_semver
      sha256: "307de764d305289ff24ad257ad5c5793ce56d04947599ad68b3baa124105fc17"
      url: "https://pub.dev"
    source: hosted
    version: "2.1.3"
  quiver:
    dependency: transitive
    description:
      name: quiver
      sha256: b1c1ac5ce6688d77f65f3375a9abb9319b3cb32486bdc7a1e0fdf004d7ba4e47
      url: "https://pub.dev"
    source: hosted
    version: "3.2.1"
  rxdart:
    dependency: transitive
    description:
      name: rxdart
      sha256: "0c7c0cedd93788d996e33041ffecda924cc54389199cde4e6a34b440f50044cb"
      url: "https://pub.dev"
    source: hosted
    version: "0.27.7"
  shelf:
    dependency: transitive
    description:
      name: shelf
      sha256: c24a96135a2ccd62c64b69315a14adc5c3419df63b4d7c05832a346fdb73682c
      url: "https://pub.dev"
    source: hosted
    version: "1.4.0"
  shelf_packages_handler:
    dependency: transitive
    description:
      name: shelf_packages_handler
      sha256: aef74dc9195746a384843102142ab65b6a4735bb3beea791e63527b88cc83306
      url: "https://pub.dev"
    source: hosted
    version: "3.0.1"
  shelf_static:
    dependency: transitive
    description:
      name: shelf_static
      sha256: e792b76b96a36d4a41b819da593aff4bdd413576b3ba6150df5d8d9996d2e74c
      url: "https://pub.dev"
    source: hosted
    version: "1.1.1"
  shelf_web_socket:
    dependency: transitive
    description:
      name: shelf_web_socket
      sha256: a988c0e8d8ffbdb8a28aa7ec8e449c260f3deb808781fe1284d22c5bba7156e8
      url: "https://pub.dev"
    source: hosted
    version: "1.0.3"
  sky_engine:
    dependency: transitive
    description: flutter
    source: sdk
    version: "0.0.99"
  sortedmap:
    dependency: transitive
    description:
      name: sortedmap
      sha256: "8c9e19b93c7e1b4d795776a02719df229606cb57f46f857a7f6eb80c97fc0600"
      url: "https://pub.dev"
    source: hosted
    version: "0.5.3"
  source_map_stack_trace:
    dependency: transitive
    description:
      name: source_map_stack_trace
      sha256: "84cf769ad83aa6bb61e0aa5a18e53aea683395f196a6f39c4c881fb90ed4f7ae"
      url: "https://pub.dev"
    source: hosted
    version: "2.1.1"
  source_maps:
    dependency: transitive
    description:
      name: source_maps
      sha256: "708b3f6b97248e5781f493b765c3337db11c5d2c81c3094f10904bfa8004c703"
      url: "https://pub.dev"
    source: hosted
    version: "0.10.12"
  source_span:
    dependency: transitive
    description:
      name: source_span
      sha256: "53e943d4206a5e30df338fd4c6e7a077e02254531b138a15aec3bd143c1a8b3c"
      url: "https://pub.dev"
    source: hosted
    version: "1.10.0"
  stack_trace:
    dependency: transitive
    description:
      name: stack_trace
      sha256: c3c7d8edb15bee7f0f74debd4b9c5f3c2ea86766fe4178eb2a18eb30a0bdaed5
      url: "https://pub.dev"
    source: hosted
    version: "1.11.0"
  stream_channel:
    dependency: transitive
    description:
      name: stream_channel
      sha256: "83615bee9045c1d322bbbd1ba209b7a749c2cbcdcb3fdd1df8eb488b3279c1c8"
      url: "https://pub.dev"
    source: hosted
    version: "2.1.1"
  string_scanner:
    dependency: transitive
    description:
      name: string_scanner
      sha256: "556692adab6cfa87322a115640c11f13cb77b3f076ddcc5d6ae3c20242bedcde"
      url: "https://pub.dev"
    source: hosted
    version: "1.2.0"
  sync_http:
    dependency: transitive
    description:
      name: sync_http
      sha256: "7f0cd72eca000d2e026bcd6f990b81d0ca06022ef4e32fb257b30d3d1014a961"
      url: "https://pub.dev"
    source: hosted
    version: "0.3.1"
  synchronized:
    dependency: transitive
    description:
      name: synchronized
      sha256: "5fcbd27688af6082f5abd611af56ee575342c30e87541d0245f7ff99faa02c60"
      url: "https://pub.dev"
    source: hosted
    version: "3.1.0"
  term_glyph:
    dependency: transitive
    description:
      name: term_glyph
      sha256: a29248a84fbb7c79282b40b8c72a1209db169a2e0542bce341da992fe1bc7e84
      url: "https://pub.dev"
    source: hosted
    version: "1.2.1"
  test:
    dependency: transitive
    description:
      name: test
      sha256: "13b41f318e2a5751c3169137103b60c584297353d4b1761b66029bae6411fe46"
      url: "https://pub.dev"
    source: hosted
    version: "1.24.3"
  test_api:
    dependency: transitive
    description:
      name: test_api
      sha256: "75760ffd7786fffdfb9597c35c5b27eaeec82be8edfb6d71d32651128ed7aab8"
      url: "https://pub.dev"
    source: hosted
    version: "0.6.0"
  test_core:
    dependency: transitive
    description:
      name: test_core
      sha256: "99806e9e6d95c7b059b7a0fc08f07fc53fabe54a829497f0d9676299f1e8637e"
      url: "https://pub.dev"
    source: hosted
    version: "0.5.3"
  typed_data:
    dependency: transitive
    description:
      name: typed_data
      sha256: "26f87ade979c47a150c9eaab93ccd2bebe70a27dc0b4b29517f2904f04eb11a5"
      url: "https://pub.dev"
    source: hosted
    version: "1.3.1"
  uuid:
    dependency: transitive
    description:
      name: uuid
      sha256: "648e103079f7c64a36dc7d39369cabb358d377078a051d6ae2ad3aa539519313"
      url: "https://pub.dev"
    source: hosted
    version: "3.0.7"
  vector_math:
    dependency: "direct main"
    description:
      name: vector_math
      sha256: "80b3257d1492ce4d091729e3a67a60407d227c27241d6927be0130c98e741803"
      url: "https://pub.dev"
    source: hosted
    version: "2.1.4"
  vm_service:
    dependency: transitive
    description:
      name: vm_service
      sha256: c620a6f783fa22436da68e42db7ebbf18b8c44b9a46ab911f666ff09ffd9153f
      url: "https://pub.dev"
    source: hosted
    version: "11.7.1"
  watcher:
    dependency: transitive
    description:
      name: watcher
      sha256: "6a7f46926b01ce81bfc339da6a7f20afbe7733eff9846f6d6a5466aa4c6667c0"
      url: "https://pub.dev"
    source: hosted
    version: "1.0.2"
  web:
    dependency: transitive
    description:
      name: web
      sha256: dc8ccd225a2005c1be616fe02951e2e342092edf968cf0844220383757ef8f10
      url: "https://pub.dev"
    source: hosted
    version: "0.1.4-beta"
  web_socket_channel:
    dependency: transitive
    description:
      name: web_socket_channel
      sha256: ca49c0bc209c687b887f30527fb6a9d80040b072cc2990f34b9bec3e7663101b
      url: "https://pub.dev"
    source: hosted
    version: "2.3.0"
  webdriver:
    dependency: transitive
    description:
      name: webdriver
      sha256: "3c923e918918feeb90c4c9fdf1fe39220fa4c0e8e2c0fffaded174498ef86c49"
      url: "https://pub.dev"
    source: hosted
    version: "3.0.2"
  webkit_inspection_protocol:
    dependency: transitive
    description:
      name: webkit_inspection_protocol
      sha256: "67d3a8b6c79e1987d19d848b0892e582dbb0c66c57cc1fef58a177dd2aa2823d"
      url: "https://pub.dev"
    source: hosted
    version: "1.2.0"
  win32:
    dependency: transitive
    description:
      name: win32
      sha256: c9ebe7ee4ab0c2194e65d3a07d8c54c5d00bb001b76081c4a04cdb8448b59e46
      url: "https://pub.dev"
    source: hosted
    version: "3.1.3"
  x509:
    dependency: transitive
    description:
      name: x509
      sha256: "6db77b0baecf54584f886607247e9dedd9fd63f1e2d0ee0a00b5bb353fd7885f"
      url: "https://pub.dev"
    source: hosted
    version: "0.2.3"
  xdg_directories:
    dependency: transitive
    description:
      name: xdg_directories
      sha256: ee1505df1426458f7f60aac270645098d318a8b4766d85fde75f76f2e21807d1
      url: "https://pub.dev"
    source: hosted
    version: "1.0.0"
  yaml:
    dependency: transitive
    description:
      name: yaml
      sha256: "23812a9b125b48d4007117254bca50abb6c712352927eece9e155207b1db2370"
      url: "https://pub.dev"
    source: hosted
    version: "3.1.1"
sdks:
  dart: ">=3.1.0-185.0.dev <4.0.0"
  flutter: ">=3.10.0"
